// !$*UTF8*$!
{
	archiveVersion = 1;
	classes = {
	};
	objectVersion = 55;
	objects = {

/* Begin PBXBuildFile section */
		1D79C067291D91E200FBEF78 /* AKForm.docc in Sources */ = {isa = PBXBuildFile; fileRef = 1D79C066291D91E200FBEF78 /* AKForm.docc */; };
		1D79C06D291D91E300FBEF78 /* AKForm.framework in Frameworks */ = {isa = PBXBuildFile; fileRef = 1D79C062291D91E200FBEF78 /* AKForm.framework */; };
		1D79C072291D91E300FBEF78 /* AKFormTests.swift in Sources */ = {isa = PBXBuildFile; fileRef = 1D79C071291D91E300FBEF78 /* AKFormTests.swift */; };
		1D79C073291D91E300FBEF78 /* AKForm.h in Headers */ = {isa = PBXBuildFile; fileRef = 1D79C065291D91E200FBEF78 /* AKForm.h */; settings = {ATTRIBUTES = (Public, ); }; };
		1D94293C29565DEF00744759 /* StringAttributes.swift in Sources */ = {isa = PBXBuildFile; fileRef = 1D94293B29565DEF00744759 /* StringAttributes.swift */; };
		1D94293E29565EF100744759 /* FieldTexts.swift in Sources */ = {isa = PBXBuildFile; fileRef = 1D94293D29565EF100744759 /* FieldTexts.swift */; };
		1DA3323C291D99E7008EA18E /* FormDelegate.swift in Sources */ = {isa = PBXBuildFile; fileRef = 1DA33235291D99E7008EA18E /* FormDelegate.swift */; };
		1DA3323D291D99E8008EA18E /* Validation.swift in Sources */ = {isa = PBXBuildFile; fileRef = 1DA33236291D99E7008EA18E /* Validation.swift */; };
		1DA3323F291D99E8008EA18E /* FormViewController.swift in Sources */ = {isa = PBXBuildFile; fileRef = 1DA33239291D99E7008EA18E /* FormViewController.swift */; };
		1DA33241291D99E8008EA18E /* List+Extension.swift in Sources */ = {isa = PBXBuildFile; fileRef = 1DA3323B291D99E7008EA18E /* List+Extension.swift */; };
		1DA33245291D9A0A008EA18E /* TextFieldTableViewCell.xib in Resources */ = {isa = PBXBuildFile; fileRef = 1DA33243291D9A0A008EA18E /* TextFieldTableViewCell.xib */; };
		1DA33246291D9A0A008EA18E /* TextFieldTableViewCell.swift in Sources */ = {isa = PBXBuildFile; fileRef = 1DA33244291D9A0A008EA18E /* TextFieldTableViewCell.swift */; };
		1DA33248291D9A51008EA18E /* AKForm.swift in Sources */ = {isa = PBXBuildFile; fileRef = 1DA33247291D9A51008EA18E /* AKForm.swift */; };
		1DA3324A291D9E5F008EA18E /* Field.swift in Sources */ = {isa = PBXBuildFile; fileRef = 1DA33249291D9E5F008EA18E /* Field.swift */; };
		1DA3324C291ECCA6008EA18E /* UI+Extension.swift in Sources */ = {isa = PBXBuildFile; fileRef = 1DA3324B291ECCA6008EA18E /* UI+Extension.swift */; };
		1DABB0BB2920AD980051B551 /* UITextField+Extension.swift in Sources */ = {isa = PBXBuildFile; fileRef = 1DABB0BA2920AD980051B551 /* UITextField+Extension.swift */; };
		1DABB0BD2920AF910051B551 /* UILabel+Extension.swift in Sources */ = {isa = PBXBuildFile; fileRef = 1DABB0BC2920AF910051B551 /* UILabel+Extension.swift */; };
		1DABB0C02920B0AC0051B551 /* LabelStyle.swift in Sources */ = {isa = PBXBuildFile; fileRef = 1DABB0BF2920B0AC0051B551 /* LabelStyle.swift */; };
		1DABB0C42920B1380051B551 /* FieldStyle.swift in Sources */ = {isa = PBXBuildFile; fileRef = 1DABB0C32920B1380051B551 /* FieldStyle.swift */; };
		1DABB0C62920B1710051B551 /* FieldErrorMessages.swift in Sources */ = {isa = PBXBuildFile; fileRef = 1DABB0C52920B1710051B551 /* FieldErrorMessages.swift */; };
		1DABB0C82920B1E40051B551 /* FieldContentType.swift in Sources */ = {isa = PBXBuildFile; fileRef = 1DABB0C72920B1E40051B551 /* FieldContentType.swift */; };
		1DABB0CB2920B5640051B551 /* FieldTableViewCellProtocol.swift in Sources */ = {isa = PBXBuildFile; fileRef = 1DABB0CA2920B5640051B551 /* FieldTableViewCellProtocol.swift */; };
		1DABB0CD2920B5E90051B551 /* TextField.swift in Sources */ = {isa = PBXBuildFile; fileRef = 1DABB0CC2920B5E80051B551 /* TextField.swift */; };
		1DABB0CF2920C20D0051B551 /* SheetField.swift in Sources */ = {isa = PBXBuildFile; fileRef = 1DABB0CE2920C20D0051B551 /* SheetField.swift */; };
		1DABB0D12920C5130051B551 /* BorderStyle.swift in Sources */ = {isa = PBXBuildFile; fileRef = 1DABB0D02920C5130051B551 /* BorderStyle.swift */; };
		1DABB0D32920D01B0051B551 /* OptionStyle.swift in Sources */ = {isa = PBXBuildFile; fileRef = 1DABB0D22920D01B0051B551 /* OptionStyle.swift */; };
		1DABB0D52920D08D0051B551 /* SeparatorStyle.swift in Sources */ = {isa = PBXBuildFile; fileRef = 1DABB0D42920D08D0051B551 /* SeparatorStyle.swift */; };
		1DABB0D92920ED1B0051B551 /* ButtonFieldTableViewCell.swift in Sources */ = {isa = PBXBuildFile; fileRef = 1DABB0D72920ED1B0051B551 /* ButtonFieldTableViewCell.swift */; };
		1DABB0DA2920ED1B0051B551 /* ButtonFieldTableViewCell.xib in Resources */ = {isa = PBXBuildFile; fileRef = 1DABB0D82920ED1B0051B551 /* ButtonFieldTableViewCell.xib */; };
		1DABB0DC292106E40051B551 /* UIButton+Extension.swift in Sources */ = {isa = PBXBuildFile; fileRef = 1DABB0DB292106E40051B551 /* UIButton+Extension.swift */; };
		1DABB0DE29210C290051B551 /* SheetViewController.swift in Sources */ = {isa = PBXBuildFile; fileRef = 1DABB0DD29210C290051B551 /* SheetViewController.swift */; };
		1DABB0E029210F970051B551 /* UIApplication+Extension.swift in Sources */ = {isa = PBXBuildFile; fileRef = 1DABB0DF29210F970051B551 /* UIApplication+Extension.swift */; };
		1DABB0E429215C890051B551 /* OptionTableViewCell.swift in Sources */ = {isa = PBXBuildFile; fileRef = 1DABB0E229215C890051B551 /* OptionTableViewCell.swift */; };
		1DABB0E529215C890051B551 /* OptionTableViewCell.xib in Resources */ = {isa = PBXBuildFile; fileRef = 1DABB0E329215C890051B551 /* OptionTableViewCell.xib */; };
		1DABB0E729217AA60051B551 /* UIView+Extension.swift in Sources */ = {isa = PBXBuildFile; fileRef = 1DABB0E629217AA60051B551 /* UIView+Extension.swift */; };
		1DABB0E92921F7C70051B551 /* Constants.swift in Sources */ = {isa = PBXBuildFile; fileRef = 1DABB0E82921F7C70051B551 /* Constants.swift */; };
		1DABB0FA29262E6C0051B551 /* MandatoryStyle.swift in Sources */ = {isa = PBXBuildFile; fileRef = 1DABB0F929262E6C0051B551 /* MandatoryStyle.swift */; };
		1DF77DCC2927C81C00FF3F1D /* SheetStyle.swift in Sources */ = {isa = PBXBuildFile; fileRef = 1DF77DCB2927C81C00FF3F1D /* SheetStyle.swift */; };
		1DF77DCE29288C7B00FF3F1D /* IconStyle.swift in Sources */ = {isa = PBXBuildFile; fileRef = 1DF77DCD29288C7B00FF3F1D /* IconStyle.swift */; };
		1DF77DD5292B79A100FF3F1D /* VerificationViewController.swift in Sources */ = {isa = PBXBuildFile; fileRef = 1DF77DD4292B79A100FF3F1D /* VerificationViewController.swift */; };
		1DF77DD7292BBBB000FF3F1D /* ShadowStyle.swift in Sources */ = {isa = PBXBuildFile; fileRef = 1DF77DD6292BBBB000FF3F1D /* ShadowStyle.swift */; };
		1DF77DDB292C4A8500FF3F1D /* AKFormViewController.swift in Sources */ = {isa = PBXBuildFile; fileRef = 1DF77DDA292C4A8500FF3F1D /* AKFormViewController.swift */; };
		1DF77DDD292C4CDD00FF3F1D /* SheetOption.swift in Sources */ = {isa = PBXBuildFile; fileRef = 1DF77DDC292C4CDD00FF3F1D /* SheetOption.swift */; };
		30E198D7D85F92BBA793BC0C /* Pods_AKForm.framework in Frameworks */ = {isa = PBXBuildFile; fileRef = 113495FC36A3DE6CF80DBF0C /* Pods_AKForm.framework */; };
		4F8444BE610AE9147275603C /* Pods_AKForm_AKFormTests.framework in Frameworks */ = {isa = PBXBuildFile; fileRef = 1693CA11E1DDE18DDE1E5076 /* Pods_AKForm_AKFormTests.framework */; };
/* End PBXBuildFile section */

/* Begin PBXContainerItemProxy section */
		1D79C06E291D91E300FBEF78 /* PBXContainerItemProxy */ = {
			isa = PBXContainerItemProxy;
			containerPortal = 1D79C059291D91E100FBEF78 /* Project object */;
			proxyType = 1;
			remoteGlobalIDString = 1D79C061291D91E200FBEF78;
			remoteInfo = AKForm;
		};
/* End PBXContainerItemProxy section */

/* Begin PBXFileReference section */
		113495FC36A3DE6CF80DBF0C /* Pods_AKForm.framework */ = {isa = PBXFileReference; explicitFileType = wrapper.framework; includeInIndex = 0; path = Pods_AKForm.framework; sourceTree = BUILT_PRODUCTS_DIR; };
		1693CA11E1DDE18DDE1E5076 /* Pods_AKForm_AKFormTests.framework */ = {isa = PBXFileReference; explicitFileType = wrapper.framework; includeInIndex = 0; path = Pods_AKForm_AKFormTests.framework; sourceTree = BUILT_PRODUCTS_DIR; };
		1D79C062291D91E200FBEF78 /* AKForm.framework */ = {isa = PBXFileReference; explicitFileType = wrapper.framework; includeInIndex = 0; path = AKForm.framework; sourceTree = BUILT_PRODUCTS_DIR; };
		1D79C065291D91E200FBEF78 /* AKForm.h */ = {isa = PBXFileReference; lastKnownFileType = sourcecode.c.h; path = AKForm.h; sourceTree = "<group>"; };
		1D79C066291D91E200FBEF78 /* AKForm.docc */ = {isa = PBXFileReference; lastKnownFileType = folder.documentationcatalog; path = AKForm.docc; sourceTree = "<group>"; };
		1D79C06C291D91E300FBEF78 /* AKFormTests.xctest */ = {isa = PBXFileReference; explicitFileType = wrapper.cfbundle; includeInIndex = 0; path = AKFormTests.xctest; sourceTree = BUILT_PRODUCTS_DIR; };
		1D79C071291D91E300FBEF78 /* AKFormTests.swift */ = {isa = PBXFileReference; lastKnownFileType = sourcecode.swift; path = AKFormTests.swift; sourceTree = "<group>"; };
		1D94293B29565DEF00744759 /* StringAttributes.swift */ = {isa = PBXFileReference; lastKnownFileType = sourcecode.swift; path = StringAttributes.swift; sourceTree = "<group>"; };
		1D94293D29565EF100744759 /* FieldTexts.swift */ = {isa = PBXFileReference; lastKnownFileType = sourcecode.swift; path = FieldTexts.swift; sourceTree = "<group>"; };
		1DA33235291D99E7008EA18E /* FormDelegate.swift */ = {isa = PBXFileReference; fileEncoding = 4; lastKnownFileType = sourcecode.swift; path = FormDelegate.swift; sourceTree = "<group>"; };
		1DA33236291D99E7008EA18E /* Validation.swift */ = {isa = PBXFileReference; fileEncoding = 4; lastKnownFileType = sourcecode.swift; path = Validation.swift; sourceTree = "<group>"; };
		1DA33239291D99E7008EA18E /* FormViewController.swift */ = {isa = PBXFileReference; fileEncoding = 4; lastKnownFileType = sourcecode.swift; path = FormViewController.swift; sourceTree = "<group>"; };
		1DA3323B291D99E7008EA18E /* List+Extension.swift */ = {isa = PBXFileReference; fileEncoding = 4; lastKnownFileType = sourcecode.swift; path = "List+Extension.swift"; sourceTree = "<group>"; };
		1DA33243291D9A0A008EA18E /* TextFieldTableViewCell.xib */ = {isa = PBXFileReference; fileEncoding = 4; lastKnownFileType = file.xib; path = TextFieldTableViewCell.xib; sourceTree = "<group>"; };
		1DA33244291D9A0A008EA18E /* TextFieldTableViewCell.swift */ = {isa = PBXFileReference; fileEncoding = 4; lastKnownFileType = sourcecode.swift; path = TextFieldTableViewCell.swift; sourceTree = "<group>"; };
		1DA33247291D9A51008EA18E /* AKForm.swift */ = {isa = PBXFileReference; lastKnownFileType = sourcecode.swift; path = AKForm.swift; sourceTree = "<group>"; };
		1DA33249291D9E5F008EA18E /* Field.swift */ = {isa = PBXFileReference; lastKnownFileType = sourcecode.swift; path = Field.swift; sourceTree = "<group>"; };
		1DA3324B291ECCA6008EA18E /* UI+Extension.swift */ = {isa = PBXFileReference; fileEncoding = 4; lastKnownFileType = sourcecode.swift; path = "UI+Extension.swift"; sourceTree = "<group>"; };
		1DABB0BA2920AD980051B551 /* UITextField+Extension.swift */ = {isa = PBXFileReference; lastKnownFileType = sourcecode.swift; path = "UITextField+Extension.swift"; sourceTree = "<group>"; };
		1DABB0BC2920AF910051B551 /* UILabel+Extension.swift */ = {isa = PBXFileReference; lastKnownFileType = sourcecode.swift; path = "UILabel+Extension.swift"; sourceTree = "<group>"; };
		1DABB0BF2920B0AC0051B551 /* LabelStyle.swift */ = {isa = PBXFileReference; lastKnownFileType = sourcecode.swift; path = LabelStyle.swift; sourceTree = "<group>"; };
		1DABB0C32920B1380051B551 /* FieldStyle.swift */ = {isa = PBXFileReference; lastKnownFileType = sourcecode.swift; path = FieldStyle.swift; sourceTree = "<group>"; };
		1DABB0C52920B1710051B551 /* FieldErrorMessages.swift */ = {isa = PBXFileReference; lastKnownFileType = sourcecode.swift; path = FieldErrorMessages.swift; sourceTree = "<group>"; };
		1DABB0C72920B1E40051B551 /* FieldContentType.swift */ = {isa = PBXFileReference; lastKnownFileType = sourcecode.swift; path = FieldContentType.swift; sourceTree = "<group>"; };
		1DABB0CA2920B5640051B551 /* FieldTableViewCellProtocol.swift */ = {isa = PBXFileReference; lastKnownFileType = sourcecode.swift; path = FieldTableViewCellProtocol.swift; sourceTree = "<group>"; };
		1DABB0CC2920B5E80051B551 /* TextField.swift */ = {isa = PBXFileReference; lastKnownFileType = sourcecode.swift; path = TextField.swift; sourceTree = "<group>"; };
		1DABB0CE2920C20D0051B551 /* SheetField.swift */ = {isa = PBXFileReference; lastKnownFileType = sourcecode.swift; path = SheetField.swift; sourceTree = "<group>"; };
		1DABB0D02920C5130051B551 /* BorderStyle.swift */ = {isa = PBXFileReference; lastKnownFileType = sourcecode.swift; path = BorderStyle.swift; sourceTree = "<group>"; };
		1DABB0D22920D01B0051B551 /* OptionStyle.swift */ = {isa = PBXFileReference; lastKnownFileType = sourcecode.swift; path = OptionStyle.swift; sourceTree = "<group>"; };
		1DABB0D42920D08D0051B551 /* SeparatorStyle.swift */ = {isa = PBXFileReference; lastKnownFileType = sourcecode.swift; path = SeparatorStyle.swift; sourceTree = "<group>"; };
		1DABB0D72920ED1B0051B551 /* ButtonFieldTableViewCell.swift */ = {isa = PBXFileReference; lastKnownFileType = sourcecode.swift; path = ButtonFieldTableViewCell.swift; sourceTree = "<group>"; };
		1DABB0D82920ED1B0051B551 /* ButtonFieldTableViewCell.xib */ = {isa = PBXFileReference; lastKnownFileType = file.xib; path = ButtonFieldTableViewCell.xib; sourceTree = "<group>"; };
		1DABB0DB292106E40051B551 /* UIButton+Extension.swift */ = {isa = PBXFileReference; lastKnownFileType = sourcecode.swift; path = "UIButton+Extension.swift"; sourceTree = "<group>"; };
		1DABB0DD29210C290051B551 /* SheetViewController.swift */ = {isa = PBXFileReference; lastKnownFileType = sourcecode.swift; path = SheetViewController.swift; sourceTree = "<group>"; };
		1DABB0DF29210F970051B551 /* UIApplication+Extension.swift */ = {isa = PBXFileReference; lastKnownFileType = sourcecode.swift; path = "UIApplication+Extension.swift"; sourceTree = "<group>"; };
		1DABB0E229215C890051B551 /* OptionTableViewCell.swift */ = {isa = PBXFileReference; lastKnownFileType = sourcecode.swift; path = OptionTableViewCell.swift; sourceTree = "<group>"; };
		1DABB0E329215C890051B551 /* OptionTableViewCell.xib */ = {isa = PBXFileReference; lastKnownFileType = file.xib; path = OptionTableViewCell.xib; sourceTree = "<group>"; };
		1DABB0E629217AA60051B551 /* UIView+Extension.swift */ = {isa = PBXFileReference; lastKnownFileType = sourcecode.swift; path = "UIView+Extension.swift"; sourceTree = "<group>"; };
		1DABB0E82921F7C70051B551 /* Constants.swift */ = {isa = PBXFileReference; lastKnownFileType = sourcecode.swift; path = Constants.swift; sourceTree = "<group>"; };
		1DABB0F929262E6C0051B551 /* MandatoryStyle.swift */ = {isa = PBXFileReference; lastKnownFileType = sourcecode.swift; path = MandatoryStyle.swift; sourceTree = "<group>"; };
		1DF77DCB2927C81C00FF3F1D /* SheetStyle.swift */ = {isa = PBXFileReference; lastKnownFileType = sourcecode.swift; path = SheetStyle.swift; sourceTree = "<group>"; };
		1DF77DCD29288C7B00FF3F1D /* IconStyle.swift */ = {isa = PBXFileReference; lastKnownFileType = sourcecode.swift; path = IconStyle.swift; sourceTree = "<group>"; };
		1DF77DD4292B79A100FF3F1D /* VerificationViewController.swift */ = {isa = PBXFileReference; lastKnownFileType = sourcecode.swift; path = VerificationViewController.swift; sourceTree = "<group>"; };
		1DF77DD6292BBBB000FF3F1D /* ShadowStyle.swift */ = {isa = PBXFileReference; lastKnownFileType = sourcecode.swift; path = ShadowStyle.swift; sourceTree = "<group>"; };
		1DF77DDA292C4A8500FF3F1D /* AKFormViewController.swift */ = {isa = PBXFileReference; lastKnownFileType = sourcecode.swift; path = AKFormViewController.swift; sourceTree = "<group>"; };
		1DF77DDC292C4CDD00FF3F1D /* SheetOption.swift */ = {isa = PBXFileReference; lastKnownFileType = sourcecode.swift; path = SheetOption.swift; sourceTree = "<group>"; };
		47CB629C80C0FAB3357A8CE0 /* Pods-AKForm-AKFormTests.debug.xcconfig */ = {isa = PBXFileReference; includeInIndex = 1; lastKnownFileType = text.xcconfig; name = "Pods-AKForm-AKFormTests.debug.xcconfig"; path = "Target Support Files/Pods-AKForm-AKFormTests/Pods-AKForm-AKFormTests.debug.xcconfig"; sourceTree = "<group>"; };
		8B705DDDC3F46C560C3E4007 /* Pods-AKForm-AKFormTests.release.xcconfig */ = {isa = PBXFileReference; includeInIndex = 1; lastKnownFileType = text.xcconfig; name = "Pods-AKForm-AKFormTests.release.xcconfig"; path = "Target Support Files/Pods-AKForm-AKFormTests/Pods-AKForm-AKFormTests.release.xcconfig"; sourceTree = "<group>"; };
		B351017E434CDECD41C3987C /* Pods-AKForm.debug.xcconfig */ = {isa = PBXFileReference; includeInIndex = 1; lastKnownFileType = text.xcconfig; name = "Pods-AKForm.debug.xcconfig"; path = "Target Support Files/Pods-AKForm/Pods-AKForm.debug.xcconfig"; sourceTree = "<group>"; };
		BB0E4BEDB01266E99CE3AE9A /* Pods-AKForm.release.xcconfig */ = {isa = PBXFileReference; includeInIndex = 1; lastKnownFileType = text.xcconfig; name = "Pods-AKForm.release.xcconfig"; path = "Target Support Files/Pods-AKForm/Pods-AKForm.release.xcconfig"; sourceTree = "<group>"; };
/* End PBXFileReference section */

/* Begin PBXFrameworksBuildPhase section */
		1D79C05F291D91E200FBEF78 /* Frameworks */ = {
			isa = PBXFrameworksBuildPhase;
			buildActionMask = 2147483647;
			files = (
				30E198D7D85F92BBA793BC0C /* Pods_AKForm.framework in Frameworks */,
			);
			runOnlyForDeploymentPostprocessing = 0;
		};
		1D79C069291D91E300FBEF78 /* Frameworks */ = {
			isa = PBXFrameworksBuildPhase;
			buildActionMask = 2147483647;
			files = (
				1D79C06D291D91E300FBEF78 /* AKForm.framework in Frameworks */,
				4F8444BE610AE9147275603C /* Pods_AKForm_AKFormTests.framework in Frameworks */,
			);
			runOnlyForDeploymentPostprocessing = 0;
		};
/* End PBXFrameworksBuildPhase section */

/* Begin PBXGroup section */
		1D79C058291D91E100FBEF78 = {
			isa = PBXGroup;
			children = (
				1D79C064291D91E200FBEF78 /* Sources */,
				1D79C070291D91E300FBEF78 /* Tests */,
				1D79C063291D91E200FBEF78 /* Products */,
				3360FDDF4A0A922D7B803E49 /* Pods */,
				DEAB668E0B9DD660F6D576EA /* Frameworks */,
			);
			sourceTree = "<group>";
		};
		1D79C063291D91E200FBEF78 /* Products */ = {
			isa = PBXGroup;
			children = (
				1D79C062291D91E200FBEF78 /* AKForm.framework */,
				1D79C06C291D91E300FBEF78 /* AKFormTests.xctest */,
			);
			name = Products;
			sourceTree = "<group>";
		};
		1D79C064291D91E200FBEF78 /* Sources */ = {
			isa = PBXGroup;
			children = (
				1DA33232291D966D008EA18E /* AKForm */,
				1D79C065291D91E200FBEF78 /* AKForm.h */,
				1D79C066291D91E200FBEF78 /* AKForm.docc */,
			);
			path = Sources;
			sourceTree = "<group>";
		};
		1D79C070291D91E300FBEF78 /* Tests */ = {
			isa = PBXGroup;
			children = (
				1DA33233291D968E008EA18E /* AKFormTests */,
				1D79C071291D91E300FBEF78 /* AKFormTests.swift */,
			);
			path = Tests;
			sourceTree = "<group>";
		};
		1DA33232291D966D008EA18E /* AKForm */ = {
			isa = PBXGroup;
			children = (
				1DA33247291D9A51008EA18E /* AKForm.swift */,
				1DF77DDA292C4A8500FF3F1D /* AKFormViewController.swift */,
				1DA33234291D99E7008EA18E /* Helpers */,
				1DA3324E291ED184008EA18E /* Views */,
				1DA3324D291ED14D008EA18E /* Extensions */,
			);
			path = AKForm;
			sourceTree = "<group>";
		};
		1DA33233291D968E008EA18E /* AKFormTests */ = {
			isa = PBXGroup;
			children = (
			);
			path = AKFormTests;
			sourceTree = "<group>";
		};
		1DA33234291D99E7008EA18E /* Helpers */ = {
			isa = PBXGroup;
			children = (
				1DABB0E82921F7C70051B551 /* Constants.swift */,
				1DA33235291D99E7008EA18E /* FormDelegate.swift */,
				1DABB0C52920B1710051B551 /* FieldErrorMessages.swift */,
				1DABB0C72920B1E40051B551 /* FieldContentType.swift */,
				1DABB0CA2920B5640051B551 /* FieldTableViewCellProtocol.swift */,
				1D94293D29565EF100744759 /* FieldTexts.swift */,
				1DF77DDC292C4CDD00FF3F1D /* SheetOption.swift */,
				1D94293B29565DEF00744759 /* StringAttributes.swift */,
				1DABB0C92920B28D0051B551 /* Fields */,
				1DABB0BE2920B0990051B551 /* Styles */,
			);
			path = Helpers;
			sourceTree = "<group>";
		};
		1DA33242291D9A0A008EA18E /* TextFieldTableViewCell */ = {
			isa = PBXGroup;
			children = (
				1DA33244291D9A0A008EA18E /* TextFieldTableViewCell.swift */,
				1DA33243291D9A0A008EA18E /* TextFieldTableViewCell.xib */,
			);
			path = TextFieldTableViewCell;
			sourceTree = "<group>";
		};
		1DA3324D291ED14D008EA18E /* Extensions */ = {
			isa = PBXGroup;
			children = (
				1DA33236291D99E7008EA18E /* Validation.swift */,
				1DA3324B291ECCA6008EA18E /* UI+Extension.swift */,
				1DA3323B291D99E7008EA18E /* List+Extension.swift */,
				1DABB0E629217AA60051B551 /* UIView+Extension.swift */,
				1DABB0BA2920AD980051B551 /* UITextField+Extension.swift */,
				1DABB0BC2920AF910051B551 /* UILabel+Extension.swift */,
				1DABB0DB292106E40051B551 /* UIButton+Extension.swift */,
				1DABB0DF29210F970051B551 /* UIApplication+Extension.swift */,
			);
			path = Extensions;
			sourceTree = "<group>";
		};
		1DA3324E291ED184008EA18E /* Views */ = {
			isa = PBXGroup;
			children = (
				1DA33239291D99E7008EA18E /* FormViewController.swift */,
				1DABB0DD29210C290051B551 /* SheetViewController.swift */,
				1DF77DD4292B79A100FF3F1D /* VerificationViewController.swift */,
				1DABB0E129215C680051B551 /* OptionTableViewCell */,
				1DABB0D62920ECEB0051B551 /* ButtonFieldTableViewCell */,
				1DA33242291D9A0A008EA18E /* TextFieldTableViewCell */,
			);
			path = Views;
			sourceTree = "<group>";
		};
		1DABB0BE2920B0990051B551 /* Styles */ = {
			isa = PBXGroup;
			children = (
				1DABB0BF2920B0AC0051B551 /* LabelStyle.swift */,
				1DABB0C32920B1380051B551 /* FieldStyle.swift */,
				1DABB0D02920C5130051B551 /* BorderStyle.swift */,
				1DABB0D22920D01B0051B551 /* OptionStyle.swift */,
				1DABB0D42920D08D0051B551 /* SeparatorStyle.swift */,
				1DABB0F929262E6C0051B551 /* MandatoryStyle.swift */,
				1DF77DCB2927C81C00FF3F1D /* SheetStyle.swift */,
				1DF77DCD29288C7B00FF3F1D /* IconStyle.swift */,
				1DF77DD6292BBBB000FF3F1D /* ShadowStyle.swift */,
			);
			path = Styles;
			sourceTree = "<group>";
		};
		1DABB0C92920B28D0051B551 /* Fields */ = {
			isa = PBXGroup;
			children = (
				1DA33249291D9E5F008EA18E /* Field.swift */,
				1DABB0CC2920B5E80051B551 /* TextField.swift */,
				1DABB0CE2920C20D0051B551 /* SheetField.swift */,
			);
			path = Fields;
			sourceTree = "<group>";
		};
		1DABB0D62920ECEB0051B551 /* ButtonFieldTableViewCell */ = {
			isa = PBXGroup;
			children = (
				1DABB0D72920ED1B0051B551 /* ButtonFieldTableViewCell.swift */,
				1DABB0D82920ED1B0051B551 /* ButtonFieldTableViewCell.xib */,
			);
			path = ButtonFieldTableViewCell;
			sourceTree = "<group>";
		};
		1DABB0E129215C680051B551 /* OptionTableViewCell */ = {
			isa = PBXGroup;
			children = (
				1DABB0E229215C890051B551 /* OptionTableViewCell.swift */,
				1DABB0E329215C890051B551 /* OptionTableViewCell.xib */,
			);
			path = OptionTableViewCell;
			sourceTree = "<group>";
		};
		3360FDDF4A0A922D7B803E49 /* Pods */ = {
			isa = PBXGroup;
			children = (
				B351017E434CDECD41C3987C /* Pods-AKForm.debug.xcconfig */,
				BB0E4BEDB01266E99CE3AE9A /* Pods-AKForm.release.xcconfig */,
				47CB629C80C0FAB3357A8CE0 /* Pods-AKForm-AKFormTests.debug.xcconfig */,
				8B705DDDC3F46C560C3E4007 /* Pods-AKForm-AKFormTests.release.xcconfig */,
			);
			path = Pods;
			sourceTree = "<group>";
		};
		DEAB668E0B9DD660F6D576EA /* Frameworks */ = {
			isa = PBXGroup;
			children = (
				113495FC36A3DE6CF80DBF0C /* Pods_AKForm.framework */,
				1693CA11E1DDE18DDE1E5076 /* Pods_AKForm_AKFormTests.framework */,
			);
			name = Frameworks;
			sourceTree = "<group>";
		};
/* End PBXGroup section */

/* Begin PBXHeadersBuildPhase section */
		1D79C05D291D91E200FBEF78 /* Headers */ = {
			isa = PBXHeadersBuildPhase;
			buildActionMask = 2147483647;
			files = (
				1D79C073291D91E300FBEF78 /* AKForm.h in Headers */,
			);
			runOnlyForDeploymentPostprocessing = 0;
		};
/* End PBXHeadersBuildPhase section */

/* Begin PBXNativeTarget section */
		1D79C061291D91E200FBEF78 /* AKForm */ = {
			isa = PBXNativeTarget;
			buildConfigurationList = 1D79C076291D91E300FBEF78 /* Build configuration list for PBXNativeTarget "AKForm" */;
			buildPhases = (
				D5864D0F36459F11CB4AA62C /* [CP] Check Pods Manifest.lock */,
				1D79C05D291D91E200FBEF78 /* Headers */,
				1D79C05E291D91E200FBEF78 /* Sources */,
				1D79C05F291D91E200FBEF78 /* Frameworks */,
				1D79C060291D91E200FBEF78 /* Resources */,
			);
			buildRules = (
			);
			dependencies = (
			);
			name = AKForm;
			productName = AKForm;
			productReference = 1D79C062291D91E200FBEF78 /* AKForm.framework */;
			productType = "com.apple.product-type.framework";
		};
		1D79C06B291D91E300FBEF78 /* AKFormTests */ = {
			isa = PBXNativeTarget;
			buildConfigurationList = 1D79C079291D91E300FBEF78 /* Build configuration list for PBXNativeTarget "AKFormTests" */;
			buildPhases = (
				04405F75DAB5B0DBEE3712EB /* [CP] Check Pods Manifest.lock */,
				1D79C068291D91E300FBEF78 /* Sources */,
				1D79C069291D91E300FBEF78 /* Frameworks */,
				1D79C06A291D91E300FBEF78 /* Resources */,
			);
			buildRules = (
			);
			dependencies = (
				1D79C06F291D91E300FBEF78 /* PBXTargetDependency */,
			);
			name = AKFormTests;
			productName = AKFormTests;
			productReference = 1D79C06C291D91E300FBEF78 /* AKFormTests.xctest */;
			productType = "com.apple.product-type.bundle.unit-test";
		};
/* End PBXNativeTarget section */

/* Begin PBXProject section */
		1D79C059291D91E100FBEF78 /* Project object */ = {
			isa = PBXProject;
			attributes = {
				BuildIndependentTargetsInParallel = 1;
				LastSwiftUpdateCheck = 1340;
				LastUpgradeCheck = 1340;
				TargetAttributes = {
					1D79C061291D91E200FBEF78 = {
						CreatedOnToolsVersion = 13.4.1;
					};
					1D79C06B291D91E300FBEF78 = {
						CreatedOnToolsVersion = 13.4.1;
					};
				};
			};
			buildConfigurationList = 1D79C05C291D91E100FBEF78 /* Build configuration list for PBXProject "AKForm" */;
			compatibilityVersion = "Xcode 13.0";
			developmentRegion = en;
			hasScannedForEncodings = 0;
			knownRegions = (
				en,
				Base,
			);
			mainGroup = 1D79C058291D91E100FBEF78;
			productRefGroup = 1D79C063291D91E200FBEF78 /* Products */;
			projectDirPath = "";
			projectRoot = "";
			targets = (
				1D79C061291D91E200FBEF78 /* AKForm */,
				1D79C06B291D91E300FBEF78 /* AKFormTests */,
			);
		};
/* End PBXProject section */

/* Begin PBXResourcesBuildPhase section */
		1D79C060291D91E200FBEF78 /* Resources */ = {
			isa = PBXResourcesBuildPhase;
			buildActionMask = 2147483647;
			files = (
				1DABB0DA2920ED1B0051B551 /* ButtonFieldTableViewCell.xib in Resources */,
				1DABB0E529215C890051B551 /* OptionTableViewCell.xib in Resources */,
				1DA33245291D9A0A008EA18E /* TextFieldTableViewCell.xib in Resources */,
			);
			runOnlyForDeploymentPostprocessing = 0;
		};
		1D79C06A291D91E300FBEF78 /* Resources */ = {
			isa = PBXResourcesBuildPhase;
			buildActionMask = 2147483647;
			files = (
			);
			runOnlyForDeploymentPostprocessing = 0;
		};
/* End PBXResourcesBuildPhase section */

/* Begin PBXShellScriptBuildPhase section */
		04405F75DAB5B0DBEE3712EB /* [CP] Check Pods Manifest.lock */ = {
			isa = PBXShellScriptBuildPhase;
			buildActionMask = 2147483647;
			files = (
			);
			inputFileListPaths = (
			);
			inputPaths = (
				"${PODS_PODFILE_DIR_PATH}/Podfile.lock",
				"${PODS_ROOT}/Manifest.lock",
			);
			name = "[CP] Check Pods Manifest.lock";
			outputFileListPaths = (
			);
			outputPaths = (
				"$(DERIVED_FILE_DIR)/Pods-AKForm-AKFormTests-checkManifestLockResult.txt",
			);
			runOnlyForDeploymentPostprocessing = 0;
			shellPath = /bin/sh;
			shellScript = "diff \"${PODS_PODFILE_DIR_PATH}/Podfile.lock\" \"${PODS_ROOT}/Manifest.lock\" > /dev/null\nif [ $? != 0 ] ; then\n    # print error to STDERR\n    echo \"error: The sandbox is not in sync with the Podfile.lock. Run 'pod install' or update your CocoaPods installation.\" >&2\n    exit 1\nfi\n# This output is used by Xcode 'outputs' to avoid re-running this script phase.\necho \"SUCCESS\" > \"${SCRIPT_OUTPUT_FILE_0}\"\n";
			showEnvVarsInLog = 0;
		};
		D5864D0F36459F11CB4AA62C /* [CP] Check Pods Manifest.lock */ = {
			isa = PBXShellScriptBuildPhase;
			buildActionMask = 2147483647;
			files = (
			);
			inputFileListPaths = (
			);
			inputPaths = (
				"${PODS_PODFILE_DIR_PATH}/Podfile.lock",
				"${PODS_ROOT}/Manifest.lock",
			);
			name = "[CP] Check Pods Manifest.lock";
			outputFileListPaths = (
			);
			outputPaths = (
				"$(DERIVED_FILE_DIR)/Pods-AKForm-checkManifestLockResult.txt",
			);
			runOnlyForDeploymentPostprocessing = 0;
			shellPath = /bin/sh;
			shellScript = "diff \"${PODS_PODFILE_DIR_PATH}/Podfile.lock\" \"${PODS_ROOT}/Manifest.lock\" > /dev/null\nif [ $? != 0 ] ; then\n    # print error to STDERR\n    echo \"error: The sandbox is not in sync with the Podfile.lock. Run 'pod install' or update your CocoaPods installation.\" >&2\n    exit 1\nfi\n# This output is used by Xcode 'outputs' to avoid re-running this script phase.\necho \"SUCCESS\" > \"${SCRIPT_OUTPUT_FILE_0}\"\n";
			showEnvVarsInLog = 0;
		};
/* End PBXShellScriptBuildPhase section */

/* Begin PBXSourcesBuildPhase section */
		1D79C05E291D91E200FBEF78 /* Sources */ = {
			isa = PBXSourcesBuildPhase;
			buildActionMask = 2147483647;
			files = (
				1DABB0BD2920AF910051B551 /* UILabel+Extension.swift in Sources */,
				1DA3323C291D99E7008EA18E /* FormDelegate.swift in Sources */,
				1DABB0C82920B1E40051B551 /* FieldContentType.swift in Sources */,
				1DA33246291D9A0A008EA18E /* TextFieldTableViewCell.swift in Sources */,
				1DABB0E429215C890051B551 /* OptionTableViewCell.swift in Sources */,
				1DABB0C42920B1380051B551 /* FieldStyle.swift in Sources */,
				1DABB0C62920B1710051B551 /* FieldErrorMessages.swift in Sources */,
				1DABB0CF2920C20D0051B551 /* SheetField.swift in Sources */,
				1DA3324C291ECCA6008EA18E /* UI+Extension.swift in Sources */,
				1DABB0E92921F7C70051B551 /* Constants.swift in Sources */,
				1DF77DDB292C4A8500FF3F1D /* AKFormViewController.swift in Sources */,
				1DABB0D12920C5130051B551 /* BorderStyle.swift in Sources */,
				1DF77DCC2927C81C00FF3F1D /* SheetStyle.swift in Sources */,
				1DABB0C02920B0AC0051B551 /* LabelStyle.swift in Sources */,
				1DA3323D291D99E8008EA18E /* Validation.swift in Sources */,
				1DABB0E729217AA60051B551 /* UIView+Extension.swift in Sources */,
				1DA3324A291D9E5F008EA18E /* Field.swift in Sources */,
				1DABB0DE29210C290051B551 /* SheetViewController.swift in Sources */,
				1DABB0D32920D01B0051B551 /* OptionStyle.swift in Sources */,
				1DF77DD7292BBBB000FF3F1D /* ShadowStyle.swift in Sources */,
				1DABB0BB2920AD980051B551 /* UITextField+Extension.swift in Sources */,
				1DABB0D52920D08D0051B551 /* SeparatorStyle.swift in Sources */,
				1DABB0FA29262E6C0051B551 /* MandatoryStyle.swift in Sources */,
				1D94293C29565DEF00744759 /* StringAttributes.swift in Sources */,
				1DABB0CB2920B5640051B551 /* FieldTableViewCellProtocol.swift in Sources */,
				1DA3323F291D99E8008EA18E /* FormViewController.swift in Sources */,
				1DF77DCE29288C7B00FF3F1D /* IconStyle.swift in Sources */,
				1D79C067291D91E200FBEF78 /* AKForm.docc in Sources */,
				1DABB0D92920ED1B0051B551 /* ButtonFieldTableViewCell.swift in Sources */,
				1DF77DD5292B79A100FF3F1D /* VerificationViewController.swift in Sources */,
				1D94293E29565EF100744759 /* FieldTexts.swift in Sources */,
				1DABB0CD2920B5E90051B551 /* TextField.swift in Sources */,
				1DF77DDD292C4CDD00FF3F1D /* SheetOption.swift in Sources */,
				1DA33241291D99E8008EA18E /* List+Extension.swift in Sources */,
				1DABB0DC292106E40051B551 /* UIButton+Extension.swift in Sources */,
				1DABB0E029210F970051B551 /* UIApplication+Extension.swift in Sources */,
				1DA33248291D9A51008EA18E /* AKForm.swift in Sources */,
			);
			runOnlyForDeploymentPostprocessing = 0;
		};
		1D79C068291D91E300FBEF78 /* Sources */ = {
			isa = PBXSourcesBuildPhase;
			buildActionMask = 2147483647;
			files = (
				1D79C072291D91E300FBEF78 /* AKFormTests.swift in Sources */,
			);
			runOnlyForDeploymentPostprocessing = 0;
		};
/* End PBXSourcesBuildPhase section */

/* Begin PBXTargetDependency section */
		1D79C06F291D91E300FBEF78 /* PBXTargetDependency */ = {
			isa = PBXTargetDependency;
			target = 1D79C061291D91E200FBEF78 /* AKForm */;
			targetProxy = 1D79C06E291D91E300FBEF78 /* PBXContainerItemProxy */;
		};
/* End PBXTargetDependency section */

/* Begin XCBuildConfiguration section */
		1D79C074291D91E300FBEF78 /* Debug */ = {
			isa = XCBuildConfiguration;
			buildSettings = {
				ALWAYS_SEARCH_USER_PATHS = NO;
				CLANG_ANALYZER_NONNULL = YES;
				CLANG_ANALYZER_NUMBER_OBJECT_CONVERSION = YES_AGGRESSIVE;
				CLANG_CXX_LANGUAGE_STANDARD = "gnu++17";
				CLANG_ENABLE_MODULES = YES;
				CLANG_ENABLE_OBJC_ARC = YES;
				CLANG_ENABLE_OBJC_WEAK = YES;
				CLANG_WARN_BLOCK_CAPTURE_AUTORELEASING = YES;
				CLANG_WARN_BOOL_CONVERSION = YES;
				CLANG_WARN_COMMA = YES;
				CLANG_WARN_CONSTANT_CONVERSION = YES;
				CLANG_WARN_DEPRECATED_OBJC_IMPLEMENTATIONS = YES;
				CLANG_WARN_DIRECT_OBJC_ISA_USAGE = YES_ERROR;
				CLANG_WARN_DOCUMENTATION_COMMENTS = YES;
				CLANG_WARN_EMPTY_BODY = YES;
				CLANG_WARN_ENUM_CONVERSION = YES;
				CLANG_WARN_INFINITE_RECURSION = YES;
				CLANG_WARN_INT_CONVERSION = YES;
				CLANG_WARN_NON_LITERAL_NULL_CONVERSION = YES;
				CLANG_WARN_OBJC_IMPLICIT_RETAIN_SELF = YES;
				CLANG_WARN_OBJC_LITERAL_CONVERSION = YES;
				CLANG_WARN_OBJC_ROOT_CLASS = YES_ERROR;
				CLANG_WARN_QUOTED_INCLUDE_IN_FRAMEWORK_HEADER = YES;
				CLANG_WARN_RANGE_LOOP_ANALYSIS = YES;
				CLANG_WARN_STRICT_PROTOTYPES = YES;
				CLANG_WARN_SUSPICIOUS_MOVE = YES;
				CLANG_WARN_UNGUARDED_AVAILABILITY = YES_AGGRESSIVE;
				CLANG_WARN_UNREACHABLE_CODE = YES;
				CLANG_WARN__DUPLICATE_METHOD_MATCH = YES;
				COPY_PHASE_STRIP = NO;
				CURRENT_PROJECT_VERSION = 1;
				DEBUG_INFORMATION_FORMAT = dwarf;
				ENABLE_STRICT_OBJC_MSGSEND = YES;
				ENABLE_TESTABILITY = YES;
				GCC_C_LANGUAGE_STANDARD = gnu11;
				GCC_DYNAMIC_NO_PIC = NO;
				GCC_NO_COMMON_BLOCKS = YES;
				GCC_OPTIMIZATION_LEVEL = 0;
				GCC_PREPROCESSOR_DEFINITIONS = (
					"DEBUG=1",
					"$(inherited)",
				);
				GCC_WARN_64_TO_32_BIT_CONVERSION = YES;
				GCC_WARN_ABOUT_RETURN_TYPE = YES_ERROR;
				GCC_WARN_UNDECLARED_SELECTOR = YES;
				GCC_WARN_UNINITIALIZED_AUTOS = YES_AGGRESSIVE;
				GCC_WARN_UNUSED_FUNCTION = YES;
				GCC_WARN_UNUSED_VARIABLE = YES;
				IPHONEOS_DEPLOYMENT_TARGET = 15.5;
				MTL_ENABLE_DEBUG_INFO = INCLUDE_SOURCE;
				MTL_FAST_MATH = YES;
				ONLY_ACTIVE_ARCH = YES;
				SDKROOT = iphoneos;
				SWIFT_ACTIVE_COMPILATION_CONDITIONS = DEBUG;
				SWIFT_OPTIMIZATION_LEVEL = "-Onone";
				VERSIONING_SYSTEM = "apple-generic";
				VERSION_INFO_PREFIX = "";
			};
			name = Debug;
		};
		1D79C075291D91E300FBEF78 /* Release */ = {
			isa = XCBuildConfiguration;
			buildSettings = {
				ALWAYS_SEARCH_USER_PATHS = NO;
				CLANG_ANALYZER_NONNULL = YES;
				CLANG_ANALYZER_NUMBER_OBJECT_CONVERSION = YES_AGGRESSIVE;
				CLANG_CXX_LANGUAGE_STANDARD = "gnu++17";
				CLANG_ENABLE_MODULES = YES;
				CLANG_ENABLE_OBJC_ARC = YES;
				CLANG_ENABLE_OBJC_WEAK = YES;
				CLANG_WARN_BLOCK_CAPTURE_AUTORELEASING = YES;
				CLANG_WARN_BOOL_CONVERSION = YES;
				CLANG_WARN_COMMA = YES;
				CLANG_WARN_CONSTANT_CONVERSION = YES;
				CLANG_WARN_DEPRECATED_OBJC_IMPLEMENTATIONS = YES;
				CLANG_WARN_DIRECT_OBJC_ISA_USAGE = YES_ERROR;
				CLANG_WARN_DOCUMENTATION_COMMENTS = YES;
				CLANG_WARN_EMPTY_BODY = YES;
				CLANG_WARN_ENUM_CONVERSION = YES;
				CLANG_WARN_INFINITE_RECURSION = YES;
				CLANG_WARN_INT_CONVERSION = YES;
				CLANG_WARN_NON_LITERAL_NULL_CONVERSION = YES;
				CLANG_WARN_OBJC_IMPLICIT_RETAIN_SELF = YES;
				CLANG_WARN_OBJC_LITERAL_CONVERSION = YES;
				CLANG_WARN_OBJC_ROOT_CLASS = YES_ERROR;
				CLANG_WARN_QUOTED_INCLUDE_IN_FRAMEWORK_HEADER = YES;
				CLANG_WARN_RANGE_LOOP_ANALYSIS = YES;
				CLANG_WARN_STRICT_PROTOTYPES = YES;
				CLANG_WARN_SUSPICIOUS_MOVE = YES;
				CLANG_WARN_UNGUARDED_AVAILABILITY = YES_AGGRESSIVE;
				CLANG_WARN_UNREACHABLE_CODE = YES;
				CLANG_WARN__DUPLICATE_METHOD_MATCH = YES;
				COPY_PHASE_STRIP = NO;
				CURRENT_PROJECT_VERSION = 1;
				DEBUG_INFORMATION_FORMAT = "dwarf-with-dsym";
				ENABLE_NS_ASSERTIONS = NO;
				ENABLE_STRICT_OBJC_MSGSEND = YES;
				GCC_C_LANGUAGE_STANDARD = gnu11;
				GCC_NO_COMMON_BLOCKS = YES;
				GCC_WARN_64_TO_32_BIT_CONVERSION = YES;
				GCC_WARN_ABOUT_RETURN_TYPE = YES_ERROR;
				GCC_WARN_UNDECLARED_SELECTOR = YES;
				GCC_WARN_UNINITIALIZED_AUTOS = YES_AGGRESSIVE;
				GCC_WARN_UNUSED_FUNCTION = YES;
				GCC_WARN_UNUSED_VARIABLE = YES;
				IPHONEOS_DEPLOYMENT_TARGET = 15.5;
				MTL_ENABLE_DEBUG_INFO = NO;
				MTL_FAST_MATH = YES;
				SDKROOT = iphoneos;
				SWIFT_COMPILATION_MODE = wholemodule;
				SWIFT_OPTIMIZATION_LEVEL = "-O";
				VALIDATE_PRODUCT = YES;
				VERSIONING_SYSTEM = "apple-generic";
				VERSION_INFO_PREFIX = "";
			};
			name = Release;
		};
		1D79C077291D91E300FBEF78 /* Debug */ = {
			isa = XCBuildConfiguration;
			baseConfigurationReference = B351017E434CDECD41C3987C /* Pods-AKForm.debug.xcconfig */;
			buildSettings = {
				CODE_SIGN_STYLE = Automatic;
				CURRENT_PROJECT_VERSION = 1;
				DEFINES_MODULE = YES;
				DEVELOPMENT_TEAM = S84559HK9V;
				DYLIB_COMPATIBILITY_VERSION = 1;
				DYLIB_CURRENT_VERSION = 1;
				DYLIB_INSTALL_NAME_BASE = "@rpath";
				GENERATE_INFOPLIST_FILE = YES;
				INFOPLIST_KEY_NSHumanReadableCopyright = "";
				INSTALL_PATH = "$(LOCAL_LIBRARY_DIR)/Frameworks";
				IPHONEOS_DEPLOYMENT_TARGET = 13.0;
				LD_RUNPATH_SEARCH_PATHS = (
					"$(inherited)",
					"@executable_path/Frameworks",
					"@loader_path/Frameworks",
				);
				MARKETING_VERSION = 1.0;
				PRODUCT_BUNDLE_IDENTIFIER = com.amr.koritem.AKForm;
				PRODUCT_NAME = "$(TARGET_NAME:c99extidentifier)";
				SKIP_INSTALL = YES;
				SWIFT_EMIT_LOC_STRINGS = YES;
				SWIFT_VERSION = 5.0;
				TARGETED_DEVICE_FAMILY = "1,2";
			};
			name = Debug;
		};
		1D79C078291D91E300FBEF78 /* Release */ = {
			isa = XCBuildConfiguration;
			baseConfigurationReference = BB0E4BEDB01266E99CE3AE9A /* Pods-AKForm.release.xcconfig */;
			buildSettings = {
				CODE_SIGN_STYLE = Automatic;
				CURRENT_PROJECT_VERSION = 1;
				DEFINES_MODULE = YES;
				DEVELOPMENT_TEAM = S84559HK9V;
				DYLIB_COMPATIBILITY_VERSION = 1;
				DYLIB_CURRENT_VERSION = 1;
				DYLIB_INSTALL_NAME_BASE = "@rpath";
				GENERATE_INFOPLIST_FILE = YES;
				INFOPLIST_KEY_NSHumanReadableCopyright = "";
				INSTALL_PATH = "$(LOCAL_LIBRARY_DIR)/Frameworks";
				IPHONEOS_DEPLOYMENT_TARGET = 13.0;
				LD_RUNPATH_SEARCH_PATHS = (
					"$(inherited)",
					"@executable_path/Frameworks",
					"@loader_path/Frameworks",
				);
				MARKETING_VERSION = 1.0;
				PRODUCT_BUNDLE_IDENTIFIER = com.amr.koritem.AKForm;
				PRODUCT_NAME = "$(TARGET_NAME:c99extidentifier)";
				SKIP_INSTALL = YES;
				SWIFT_EMIT_LOC_STRINGS = YES;
				SWIFT_VERSION = 5.0;
				TARGETED_DEVICE_FAMILY = "1,2";
			};
			name = Release;
		};
		1D79C07A291D91E300FBEF78 /* Debug */ = {
			isa = XCBuildConfiguration;
			baseConfigurationReference = 47CB629C80C0FAB3357A8CE0 /* Pods-AKForm-AKFormTests.debug.xcconfig */;
			buildSettings = {
				ALWAYS_EMBED_SWIFT_STANDARD_LIBRARIES = YES;
				CODE_SIGN_STYLE = Automatic;
				CURRENT_PROJECT_VERSION = 1;
				DEVELOPMENT_TEAM = S84559HK9V;
				GENERATE_INFOPLIST_FILE = YES;
				MARKETING_VERSION = 1.0;
				PRODUCT_BUNDLE_IDENTIFIER = com.amr.koritem.AKFormTests;
				PRODUCT_NAME = "$(TARGET_NAME)";
				SWIFT_EMIT_LOC_STRINGS = NO;
				SWIFT_VERSION = 5.0;
				TARGETED_DEVICE_FAMILY = "1,2";
			};
			name = Debug;
		};
		1D79C07B291D91E300FBEF78 /* Release */ = {
			isa = XCBuildConfiguration;
			baseConfigurationReference = 8B705DDDC3F46C560C3E4007 /* Pods-AKForm-AKFormTests.release.xcconfig */;
			buildSettings = {
				ALWAYS_EMBED_SWIFT_STANDARD_LIBRARIES = YES;
				CODE_SIGN_STYLE = Automatic;
				CURRENT_PROJECT_VERSION = 1;
				DEVELOPMENT_TEAM = S84559HK9V;
				GENERATE_INFOPLIST_FILE = YES;
				MARKETING_VERSION = 1.0;
				PRODUCT_BUNDLE_IDENTIFIER = com.amr.koritem.AKFormTests;
				PRODUCT_NAME = "$(TARGET_NAME)";
				SWIFT_EMIT_LOC_STRINGS = NO;
				SWIFT_VERSION = 5.0;
				TARGETED_DEVICE_FAMILY = "1,2";
			};
			name = Release;
		};
/* End XCBuildConfiguration section */

/* Begin XCConfigurationList section */
		1D79C05C291D91E100FBEF78 /* Build configuration list for PBXProject "AKForm" */ = {
			isa = XCConfigurationList;
			buildConfigurations = (
				1D79C074291D91E300FBEF78 /* Debug */,
				1D79C075291D91E300FBEF78 /* Release */,
			);
			defaultConfigurationIsVisible = 0;
			defaultConfigurationName = Release;
		};
		1D79C076291D91E300FBEF78 /* Build configuration list for PBXNativeTarget "AKForm" */ = {
			isa = XCConfigurationList;
			buildConfigurations = (
				1D79C077291D91E300FBEF78 /* Debug */,
				1D79C078291D91E300FBEF78 /* Release */,
			);
			defaultConfigurationIsVisible = 0;
			defaultConfigurationName = Release;
		};
		1D79C079291D91E300FBEF78 /* Build configuration list for PBXNativeTarget "AKFormTests" */ = {
			isa = XCConfigurationList;
			buildConfigurations = (
				1D79C07A291D91E300FBEF78 /* Debug */,
				1D79C07B291D91E300FBEF78 /* Release */,
			);
			defaultConfigurationIsVisible = 0;
			defaultConfigurationName = Release;
		};
/* End XCConfigurationList section */
	};
	rootObject = 1D79C059291D91E100FBEF78 /* Project object */;
}
